version = 1
revision = 2
requires-python = ">=3.12"

[[package]]
name = "attrs"
version = "25.3.0"
source = { registry = "https://pypi.org/simple" }
sdist = { url = "https://files.pythonhosted.org/packages/5a/b0/1367933a8532ee6ff8d63537de4f1177af4bff9f3e829baf7331f595bb24/attrs-25.3.0.tar.gz", hash = "sha256:75d7cefc7fb576747b2c81b4442d4d4a1ce0900973527c011d1030fd3bf4af1b", size = 812032, upload_time = "2025-03-13T11:10:22.779Z" }
wheels = [
    { url = "https://files.pythonhosted.org/packages/77/06/bb80f5f86020c4551da315d78b3ab75e8228f89f0162f2c3a819e407941a/attrs-25.3.0-py3-none-any.whl", hash = "sha256:427318ce031701fea540783410126f03899a97ffc6f61596ad581ac2e40e3bc3", size = 63815, upload_time = "2025-03-13T11:10:21.14Z" },
]

[[package]]
name = "auth-worker"
version = "0.1.0"
source = { virtual = "." }
dependencies = [
    { name = "jsonschema" },
    { name = "pyhumps" },
    { name = "redis", extra = ["hiredis"] },
    { name = "requests" },
]

[package.dev-dependencies]
dev = [
    { name = "ruff" },
]

[package.metadata]
requires-dist = [
    { name = "jsonschema", specifier = ">=4.23.0" },
    { name = "pyhumps", specifier = ">=3.8.0" },
    { name = "redis", extras = ["hiredis"], specifier = ">=5.2.1" },
    { name = "requests", specifier = ">=2.32.3" },
]

[package.metadata.requires-dev]
dev = [{ name = "ruff", specifier = ">=0.11.6" }]

[[package]]
name = "certifi"
version = "2025.1.31"
source = { registry = "https://pypi.org/simple" }
sdist = { url = "https://files.pythonhosted.org/packages/1c/ab/c9f1e32b7b1bf505bf26f0ef697775960db7932abeb7b516de930ba2705f/certifi-2025.1.31.tar.gz", hash = "sha256:3d5da6925056f6f18f119200434a4780a94263f10d1c21d032a6f6b2baa20651", size = 167577, upload_time = "2025-01-31T02:16:47.166Z" }
wheels = [
    { url = "https://files.pythonhosted.org/packages/38/fc/bce832fd4fd99766c04d1ee0eead6b0ec6486fb100ae5e74c1d91292b982/certifi-2025.1.31-py3-none-any.whl", hash = "sha256:ca78db4565a652026a4db2bcdf68f2fb589ea80d0be70e03929ed730746b84fe", size = 166393, upload_time = "2025-01-31T02:16:45.015Z" },
]

[[package]]
name = "charset-normalizer"
version = "3.4.1"
source = { registry = "https://pypi.org/simple" }
sdist = { url = "https://files.pythonhosted.org/packages/16/b0/572805e227f01586461c80e0fd25d65a2115599cc9dad142fee4b747c357/charset_normalizer-3.4.1.tar.gz", hash = "sha256:44251f18cd68a75b56585dd00dae26183e102cd5e0f9f1466e6df5da2ed64ea3", size = 123188, upload_time = "2024-12-24T18:12:35.43Z" }
wheels = [
    { url = "https://files.pythonhosted.org/packages/0a/9a/dd1e1cdceb841925b7798369a09279bd1cf183cef0f9ddf15a3a6502ee45/charset_normalizer-3.4.1-cp312-cp312-macosx_10_13_universal2.whl", hash = "sha256:73d94b58ec7fecbc7366247d3b0b10a21681004153238750bb67bd9012414545", size = 196105, upload_time = "2024-12-24T18:10:38.83Z" },
    { url = "https://files.pythonhosted.org/packages/d3/8c/90bfabf8c4809ecb648f39794cf2a84ff2e7d2a6cf159fe68d9a26160467/charset_normalizer-3.4.1-cp312-cp312-manylinux_2_17_aarch64.manylinux2014_aarch64.whl", hash = "sha256:dad3e487649f498dd991eeb901125411559b22e8d7ab25d3aeb1af367df5efd7", size = 140404, upload_time = "2024-12-24T18:10:44.272Z" },
    { url = "https://files.pythonhosted.org/packages/ad/8f/e410d57c721945ea3b4f1a04b74f70ce8fa800d393d72899f0a40526401f/charset_normalizer-3.4.1-cp312-cp312-manylinux_2_17_ppc64le.manylinux2014_ppc64le.whl", hash = "sha256:c30197aa96e8eed02200a83fba2657b4c3acd0f0aa4bdc9f6c1af8e8962e0757", size = 150423, upload_time = "2024-12-24T18:10:45.492Z" },
    { url = "https://files.pythonhosted.org/packages/f0/b8/e6825e25deb691ff98cf5c9072ee0605dc2acfca98af70c2d1b1bc75190d/charset_normalizer-3.4.1-cp312-cp312-manylinux_2_17_s390x.manylinux2014_s390x.whl", hash = "sha256:2369eea1ee4a7610a860d88f268eb39b95cb588acd7235e02fd5a5601773d4fa", size = 143184, upload_time = "2024-12-24T18:10:47.898Z" },
    { url = "https://files.pythonhosted.org/packages/3e/a2/513f6cbe752421f16d969e32f3583762bfd583848b763913ddab8d9bfd4f/charset_normalizer-3.4.1-cp312-cp312-manylinux_2_17_x86_64.manylinux2014_x86_64.whl", hash = "sha256:bc2722592d8998c870fa4e290c2eec2c1569b87fe58618e67d38b4665dfa680d", size = 145268, upload_time = "2024-12-24T18:10:50.589Z" },
    { url = "https://files.pythonhosted.org/packages/74/94/8a5277664f27c3c438546f3eb53b33f5b19568eb7424736bdc440a88a31f/charset_normalizer-3.4.1-cp312-cp312-manylinux_2_5_i686.manylinux1_i686.manylinux_2_17_i686.manylinux2014_i686.whl", hash = "sha256:ffc9202a29ab3920fa812879e95a9e78b2465fd10be7fcbd042899695d75e616", size = 147601, upload_time = "2024-12-24T18:10:52.541Z" },
    { url = "https://files.pythonhosted.org/packages/7c/5f/6d352c51ee763623a98e31194823518e09bfa48be2a7e8383cf691bbb3d0/charset_normalizer-3.4.1-cp312-cp312-musllinux_1_2_aarch64.whl", hash = "sha256:804a4d582ba6e5b747c625bf1255e6b1507465494a40a2130978bda7b932c90b", size = 141098, upload_time = "2024-12-24T18:10:53.789Z" },
    { url = "https://files.pythonhosted.org/packages/78/d4/f5704cb629ba5ab16d1d3d741396aec6dc3ca2b67757c45b0599bb010478/charset_normalizer-3.4.1-cp312-cp312-musllinux_1_2_i686.whl", hash = "sha256:0f55e69f030f7163dffe9fd0752b32f070566451afe180f99dbeeb81f511ad8d", size = 149520, upload_time = "2024-12-24T18:10:55.048Z" },
    { url = "https://files.pythonhosted.org/packages/c5/96/64120b1d02b81785f222b976c0fb79a35875457fa9bb40827678e54d1bc8/charset_normalizer-3.4.1-cp312-cp312-musllinux_1_2_ppc64le.whl", hash = "sha256:c4c3e6da02df6fa1410a7680bd3f63d4f710232d3139089536310d027950696a", size = 152852, upload_time = "2024-12-24T18:10:57.647Z" },
    { url = "https://files.pythonhosted.org/packages/84/c9/98e3732278a99f47d487fd3468bc60b882920cef29d1fa6ca460a1fdf4e6/charset_normalizer-3.4.1-cp312-cp312-musllinux_1_2_s390x.whl", hash = "sha256:5df196eb874dae23dcfb968c83d4f8fdccb333330fe1fc278ac5ceeb101003a9", size = 150488, upload_time = "2024-12-24T18:10:59.43Z" },
    { url = "https://files.pythonhosted.org/packages/13/0e/9c8d4cb99c98c1007cc11eda969ebfe837bbbd0acdb4736d228ccaabcd22/charset_normalizer-3.4.1-cp312-cp312-musllinux_1_2_x86_64.whl", hash = "sha256:e358e64305fe12299a08e08978f51fc21fac060dcfcddd95453eabe5b93ed0e1", size = 146192, upload_time = "2024-12-24T18:11:00.676Z" },
    { url = "https://files.pythonhosted.org/packages/b2/21/2b6b5b860781a0b49427309cb8670785aa543fb2178de875b87b9cc97746/charset_normalizer-3.4.1-cp312-cp312-win32.whl", hash = "sha256:9b23ca7ef998bc739bf6ffc077c2116917eabcc901f88da1b9856b210ef63f35", size = 95550, upload_time = "2024-12-24T18:11:01.952Z" },
    { url = "https://files.pythonhosted.org/packages/21/5b/1b390b03b1d16c7e382b561c5329f83cc06623916aab983e8ab9239c7d5c/charset_normalizer-3.4.1-cp312-cp312-win_amd64.whl", hash = "sha256:6ff8a4a60c227ad87030d76e99cd1698345d4491638dfa6673027c48b3cd395f", size = 102785, upload_time = "2024-12-24T18:11:03.142Z" },
    { url = "https://files.pythonhosted.org/packages/38/94/ce8e6f63d18049672c76d07d119304e1e2d7c6098f0841b51c666e9f44a0/charset_normalizer-3.4.1-cp313-cp313-macosx_10_13_universal2.whl", hash = "sha256:aabfa34badd18f1da5ec1bc2715cadc8dca465868a4e73a0173466b688f29dda", size = 195698, upload_time = "2024-12-24T18:11:05.834Z" },
    { url = "https://files.pythonhosted.org/packages/24/2e/dfdd9770664aae179a96561cc6952ff08f9a8cd09a908f259a9dfa063568/charset_normalizer-3.4.1-cp313-cp313-manylinux_2_17_aarch64.manylinux2014_aarch64.whl", hash = "sha256:22e14b5d70560b8dd51ec22863f370d1e595ac3d024cb8ad7d308b4cd95f8313", size = 140162, upload_time = "2024-12-24T18:11:07.064Z" },
    { url = "https://files.pythonhosted.org/packages/24/4e/f646b9093cff8fc86f2d60af2de4dc17c759de9d554f130b140ea4738ca6/charset_normalizer-3.4.1-cp313-cp313-manylinux_2_17_ppc64le.manylinux2014_ppc64le.whl", hash = "sha256:8436c508b408b82d87dc5f62496973a1805cd46727c34440b0d29d8a2f50a6c9", size = 150263, upload_time = "2024-12-24T18:11:08.374Z" },
    { url = "https://files.pythonhosted.org/packages/5e/67/2937f8d548c3ef6e2f9aab0f6e21001056f692d43282b165e7c56023e6dd/charset_normalizer-3.4.1-cp313-cp313-manylinux_2_17_s390x.manylinux2014_s390x.whl", hash = "sha256:2d074908e1aecee37a7635990b2c6d504cd4766c7bc9fc86d63f9c09af3fa11b", size = 142966, upload_time = "2024-12-24T18:11:09.831Z" },
    { url = "https://files.pythonhosted.org/packages/52/ed/b7f4f07de100bdb95c1756d3a4d17b90c1a3c53715c1a476f8738058e0fa/charset_normalizer-3.4.1-cp313-cp313-manylinux_2_17_x86_64.manylinux2014_x86_64.whl", hash = "sha256:955f8851919303c92343d2f66165294848d57e9bba6cf6e3625485a70a038d11", size = 144992, upload_time = "2024-12-24T18:11:12.03Z" },
    { url = "https://files.pythonhosted.org/packages/96/2c/d49710a6dbcd3776265f4c923bb73ebe83933dfbaa841c5da850fe0fd20b/charset_normalizer-3.4.1-cp313-cp313-manylinux_2_5_i686.manylinux1_i686.manylinux_2_17_i686.manylinux2014_i686.whl", hash = "sha256:44ecbf16649486d4aebafeaa7ec4c9fed8b88101f4dd612dcaf65d5e815f837f", size = 147162, upload_time = "2024-12-24T18:11:13.372Z" },
    { url = "https://files.pythonhosted.org/packages/b4/41/35ff1f9a6bd380303dea55e44c4933b4cc3c4850988927d4082ada230273/charset_normalizer-3.4.1-cp313-cp313-musllinux_1_2_aarch64.whl", hash = "sha256:0924e81d3d5e70f8126529951dac65c1010cdf117bb75eb02dd12339b57749dd", size = 140972, upload_time = "2024-12-24T18:11:14.628Z" },
    { url = "https://files.pythonhosted.org/packages/fb/43/c6a0b685fe6910d08ba971f62cd9c3e862a85770395ba5d9cad4fede33ab/charset_normalizer-3.4.1-cp313-cp313-musllinux_1_2_i686.whl", hash = "sha256:2967f74ad52c3b98de4c3b32e1a44e32975e008a9cd2a8cc8966d6a5218c5cb2", size = 149095, upload_time = "2024-12-24T18:11:17.672Z" },
    { url = "https://files.pythonhosted.org/packages/4c/ff/a9a504662452e2d2878512115638966e75633519ec11f25fca3d2049a94a/charset_normalizer-3.4.1-cp313-cp313-musllinux_1_2_ppc64le.whl", hash = "sha256:c75cb2a3e389853835e84a2d8fb2b81a10645b503eca9bcb98df6b5a43eb8886", size = 152668, upload_time = "2024-12-24T18:11:18.989Z" },
    { url = "https://files.pythonhosted.org/packages/6c/71/189996b6d9a4b932564701628af5cee6716733e9165af1d5e1b285c530ed/charset_normalizer-3.4.1-cp313-cp313-musllinux_1_2_s390x.whl", hash = "sha256:09b26ae6b1abf0d27570633b2b078a2a20419c99d66fb2823173d73f188ce601", size = 150073, upload_time = "2024-12-24T18:11:21.507Z" },
    { url = "https://files.pythonhosted.org/packages/e4/93/946a86ce20790e11312c87c75ba68d5f6ad2208cfb52b2d6a2c32840d922/charset_normalizer-3.4.1-cp313-cp313-musllinux_1_2_x86_64.whl", hash = "sha256:fa88b843d6e211393a37219e6a1c1df99d35e8fd90446f1118f4216e307e48cd", size = 145732, upload_time = "2024-12-24T18:11:22.774Z" },
    { url = "https://files.pythonhosted.org/packages/cd/e5/131d2fb1b0dddafc37be4f3a2fa79aa4c037368be9423061dccadfd90091/charset_normalizer-3.4.1-cp313-cp313-win32.whl", hash = "sha256:eb8178fe3dba6450a3e024e95ac49ed3400e506fd4e9e5c32d30adda88cbd407", size = 95391, upload_time = "2024-12-24T18:11:24.139Z" },
    { url = "https://files.pythonhosted.org/packages/27/f2/4f9a69cc7712b9b5ad8fdb87039fd89abba997ad5cbe690d1835d40405b0/charset_normalizer-3.4.1-cp313-cp313-win_amd64.whl", hash = "sha256:b1ac5992a838106edb89654e0aebfc24f5848ae2547d22c2c3f66454daa11971", size = 102702, upload_time = "2024-12-24T18:11:26.535Z" },
    { url = "https://files.pythonhosted.org/packages/0e/f6/65ecc6878a89bb1c23a086ea335ad4bf21a588990c3f535a227b9eea9108/charset_normalizer-3.4.1-py3-none-any.whl", hash = "sha256:d98b1668f06378c6dbefec3b92299716b931cd4e6061f3c875a71ced1780ab85", size = 49767, upload_time = "2024-12-24T18:12:32.852Z" },
]

[[package]]
name = "hiredis"
version = "3.1.0"
source = { registry = "https://pypi.org/simple" }
sdist = { url = "https://files.pythonhosted.org/packages/38/e5/789cfa8993ced0061a6ef7ea758302ef5cf3439629bf0d39c85a6ede4641/hiredis-3.1.0.tar.gz", hash = "sha256:51d40ac3611091020d7dea6b05ed62cb152bff595fa4f931e7b6479d777acf7c", size = 87616, upload_time = "2024-12-04T14:46:19.891Z" }
wheels = [
    { url = "https://files.pythonhosted.org/packages/cc/64/9f9c1648853cd34e52b2af04c26cebb7f086cb4cd8ce056fecedd7664be9/hiredis-3.1.0-cp312-cp312-macosx_10_15_universal2.whl", hash = "sha256:f7c7f89e0bc4246115754e2eda078a111282f6d6ecc6fb458557b724fe6f2aac", size = 81304, upload_time = "2024-12-04T14:44:43.725Z" },
    { url = "https://files.pythonhosted.org/packages/42/18/f70f8366c4abcbb830480d72968502192e422ebd60b7ca5f7739872e78cd/hiredis-3.1.0-cp312-cp312-macosx_10_15_x86_64.whl", hash = "sha256:3dbf9163296fa45fbddcfc4c5900f10e9ddadda37117dbfb641e327e536b53e0", size = 44551, upload_time = "2024-12-04T14:44:45.269Z" },
    { url = "https://files.pythonhosted.org/packages/a8/a0/bf584a34a8b8e7194c3386700113cd7380a585c3e37b57b45bcf036a3305/hiredis-3.1.0-cp312-cp312-macosx_11_0_arm64.whl", hash = "sha256:af46a4be0e82df470f68f35316fa16cd1e134d1c5092fc1082e1aad64cce716d", size = 42471, upload_time = "2024-12-04T14:44:47.111Z" },
    { url = "https://files.pythonhosted.org/packages/97/90/a709dad5fcfa6a3d0480709fd9e24d1e0ba70cbe4b853a1fe63cf7026207/hiredis-3.1.0-cp312-cp312-manylinux_2_17_aarch64.manylinux2014_aarch64.whl", hash = "sha256:bc63d698c43aea500a84d8b083f830c03808b6cf3933ae4d35a27f0a3d881652", size = 168205, upload_time = "2024-12-04T14:44:48.261Z" },
    { url = "https://files.pythonhosted.org/packages/14/29/33f943cc874d4cc6269d472b2c8ebb7385008fbde192aa5108d617d99504/hiredis-3.1.0-cp312-cp312-manylinux_2_17_ppc64le.manylinux2014_ppc64le.whl", hash = "sha256:676b3d88674134bfaaf70dac181d1790b0f33b3187bfb9da9221e17e0e624f83", size = 179055, upload_time = "2024-12-04T14:44:49.917Z" },
    { url = "https://files.pythonhosted.org/packages/2b/b2/a1315d474ec36c89e68ac8a3a258431b6f266af7bc4a31265a9527e494df/hiredis-3.1.0-cp312-cp312-manylinux_2_17_s390x.manylinux2014_s390x.whl", hash = "sha256:aed10d9df1e2fb0011db2713ac64497462e9c2c0208b648c97569da772b959ca", size = 168484, upload_time = "2024-12-04T14:44:51.218Z" },
    { url = "https://files.pythonhosted.org/packages/a1/4f/14aca28a24463b92274464000691610eb41a9afab1e16a7a739be496f274/hiredis-3.1.0-cp312-cp312-manylinux_2_17_x86_64.manylinux2014_x86_64.whl", hash = "sha256:3b5bd8adfe8742e331a94cccd782bffea251fa70d9a709e71f4510f50794d700", size = 169050, upload_time = "2024-12-04T14:44:52.274Z" },
    { url = "https://files.pythonhosted.org/packages/77/8d/e5aa6857a70c0e3ca423973ea27065fa3cf2567d25cc397b649a1d45043e/hiredis-3.1.0-cp312-cp312-manylinux_2_5_i686.manylinux1_i686.manylinux_2_17_i686.manylinux2014_i686.whl", hash = "sha256:9fc4e35b4afb0af6da55495dd0742ad32ab88150428a6ecdbb3085cbd60714e8", size = 164624, upload_time = "2024-12-04T14:44:53.444Z" },
    { url = "https://files.pythonhosted.org/packages/62/5d/c167de0a8c841cb4ea0e25a8145bbdb7e33b5028eaf905cd0901381f0a83/hiredis-3.1.0-cp312-cp312-musllinux_1_2_aarch64.whl", hash = "sha256:89b83e76eb00ab0464e7b0752a3ffcb02626e742e9509bc141424a9c3202e8dc", size = 162461, upload_time = "2024-12-04T14:44:54.677Z" },
    { url = "https://files.pythonhosted.org/packages/70/b8/fa7e9ae73237999a5c7eb9f59e6c2198ed65eca5cad948b85e2c82c12cc2/hiredis-3.1.0-cp312-cp312-musllinux_1_2_i686.whl", hash = "sha256:98ebf08c907836b70a8f40e030df8ab6f174dc7f6fa765251d813e89f14069d8", size = 161292, upload_time = "2024-12-04T14:44:56.359Z" },
    { url = "https://files.pythonhosted.org/packages/04/af/6b6db2d29e2455e97cbf7e19bae0ef1a6e5b61c08d42377a3511ef9cc3bb/hiredis-3.1.0-cp312-cp312-musllinux_1_2_ppc64le.whl", hash = "sha256:6c840b9cec086328f2ee2cfee0038b5d6bbb514bac7b5e579da6e346eaac056c", size = 173465, upload_time = "2024-12-04T14:44:57.43Z" },
    { url = "https://files.pythonhosted.org/packages/dc/50/c49d53832d71e1fdb1fe7c91a99b2d47043655cb0d535437264dccc19e2e/hiredis-3.1.0-cp312-cp312-musllinux_1_2_s390x.whl", hash = "sha256:c5c44e9fa6f4462d0330cb5f5d46fa652512fc86b41d4d1974d0356f263e9105", size = 165818, upload_time = "2024-12-04T14:44:59.382Z" },
    { url = "https://files.pythonhosted.org/packages/5f/47/81992b4b27b59152abf7e279c4adba7a5a0e1d99ccbee674a82c6e65b9bf/hiredis-3.1.0-cp312-cp312-musllinux_1_2_x86_64.whl", hash = "sha256:e665b14ab50aa175cfa306fcb00fffd4e3ff02ceb36ca6a4df00b1246d6a73c4", size = 163871, upload_time = "2024-12-04T14:45:00.401Z" },
    { url = "https://files.pythonhosted.org/packages/dd/f6/1ee81c373a2087557c6020bf201b4d27d6aec173c8414c3d06900e91d9bd/hiredis-3.1.0-cp312-cp312-win32.whl", hash = "sha256:bd33db977ac7af97e8d035ffadb163b00546be22e5f1297b2123f5f9bf0f8a21", size = 20206, upload_time = "2024-12-04T14:45:01.514Z" },
    { url = "https://files.pythonhosted.org/packages/b7/67/46d5a8d44812c6293c8088d642e473b0dd9e12478ef539eb4a77df643450/hiredis-3.1.0-cp312-cp312-win_amd64.whl", hash = "sha256:37aed4aa9348600145e2d019c7be27855e503ecc4906c6976ff2f3b52e3d5d97", size = 21997, upload_time = "2024-12-04T14:45:02.344Z" },
    { url = "https://files.pythonhosted.org/packages/7b/b0/0b4f96f537d259b818e4ee7657616eb6fabc0612eb4150d2253f84e33f8f/hiredis-3.1.0-cp313-cp313-macosx_10_15_universal2.whl", hash = "sha256:b87cddd8107487863fed6994de51e5594a0be267b0b19e213694e99cdd614623", size = 81311, upload_time = "2024-12-04T14:45:03.83Z" },
    { url = "https://files.pythonhosted.org/packages/79/85/bd6cb6f7645a3803111a4f07fb2b55a23b836725bc8ec74ac7623fe8bef4/hiredis-3.1.0-cp313-cp313-macosx_10_15_x86_64.whl", hash = "sha256:d302deff8cb63a7feffc1844e4dafc8076e566bbf10c5aaaf0f4fe791b8a6bd0", size = 44550, upload_time = "2024-12-04T14:45:04.753Z" },
    { url = "https://files.pythonhosted.org/packages/13/48/b53c5d10d3fd073a2046d096d9d415d61b3564f74b0499ec757ddaf7cddc/hiredis-3.1.0-cp313-cp313-macosx_11_0_arm64.whl", hash = "sha256:4a018340c073cf88cb635b2bedff96619df2f666018c655e7911f46fa2c1c178", size = 42471, upload_time = "2024-12-04T14:45:07.348Z" },
    { url = "https://files.pythonhosted.org/packages/dd/a0/f9da8e920c1871edf703dfa05dd6781a3c53e5574cd2e4b38a438053a533/hiredis-3.1.0-cp313-cp313-manylinux_2_17_aarch64.manylinux2014_aarch64.whl", hash = "sha256:f1e8ba6414ac1ae536129e18c069f3eb497df5a74e136e3566471620a4fa5f95", size = 168219, upload_time = "2024-12-04T14:45:08.285Z" },
    { url = "https://files.pythonhosted.org/packages/42/59/82a3625dc9fc77f43b38d272eef8c731e359e535a13b29b83ce220d47f5d/hiredis-3.1.0-cp313-cp313-manylinux_2_17_ppc64le.manylinux2014_ppc64le.whl", hash = "sha256:a86b9fef256c2beb162244791fdc025aa55f936d6358e86e2020e512fe2e4972", size = 179065, upload_time = "2024-12-04T14:45:09.44Z" },
    { url = "https://files.pythonhosted.org/packages/b2/aa/66933e4101198f2e2ae379c091fb9a8131cd3dce7a1e6d8fa5ff51244239/hiredis-3.1.0-cp313-cp313-manylinux_2_17_s390x.manylinux2014_s390x.whl", hash = "sha256:7acdc68e29a446ad17aadaff19c981a36b3bd8c894c3520412c8a7ab1c3e0de7", size = 168508, upload_time = "2024-12-04T14:45:10.563Z" },
    { url = "https://files.pythonhosted.org/packages/7a/da/e1475f4d51225cbc4b04e3be22ecb6da80a536b747aa4bb263af318d8555/hiredis-3.1.0-cp313-cp313-manylinux_2_17_x86_64.manylinux2014_x86_64.whl", hash = "sha256:c7e06baea05de57e1e7548064f505a6964e992674fe61b8f274afe2ac93b6371", size = 168989, upload_time = "2024-12-04T14:45:11.675Z" },
    { url = "https://files.pythonhosted.org/packages/34/d7/52dd39b5abb81eb24726934c3b9138cc9a30231fb93da8a3e2f829e3598c/hiredis-3.1.0-cp313-cp313-manylinux_2_5_i686.manylinux1_i686.manylinux_2_17_i686.manylinux2014_i686.whl", hash = "sha256:35b5fc061c8a0dbfdb440053280504d6aaa8d9726bd4d1d0e1cfcbbdf0d60b73", size = 164488, upload_time = "2024-12-04T14:45:12.82Z" },
    { url = "https://files.pythonhosted.org/packages/13/dd/aecfd9f24015b7e892304d6feb888db25b01492f05730f8f45155887de1f/hiredis-3.1.0-cp313-cp313-musllinux_1_2_aarch64.whl", hash = "sha256:c89d2dcb271d24c44f02264233b75d5db8c58831190fa92456a90b87fa17b748", size = 162476, upload_time = "2024-12-04T14:45:13.858Z" },
    { url = "https://files.pythonhosted.org/packages/ff/77/4a5357b29e4c9f573439246d27cabad470ea4367a60a86f01c2a31c7c63f/hiredis-3.1.0-cp313-cp313-musllinux_1_2_i686.whl", hash = "sha256:aa36688c10a08f626fddcf68c2b1b91b0e90b070c26e550a4151a877f5c2d431", size = 161380, upload_time = "2024-12-04T14:45:14.965Z" },
    { url = "https://files.pythonhosted.org/packages/aa/5e/b357511490626e9c39b3148612bda945f2cd0c8dcd149f36fd7b9512bff4/hiredis-3.1.0-cp313-cp313-musllinux_1_2_ppc64le.whl", hash = "sha256:f3982a9c16c1c4bc05a00b65d01ffb8d80ea1a7b6b533be2f1a769d3e989d2c0", size = 173505, upload_time = "2024-12-04T14:45:19.072Z" },
    { url = "https://files.pythonhosted.org/packages/3e/82/50c015dcf04ea85a89c4603684da9d95c7850931b5320c02c6f3d7ddd78f/hiredis-3.1.0-cp313-cp313-musllinux_1_2_s390x.whl", hash = "sha256:d1a6f889514ee2452300c9a06862fceedef22a2891f1c421a27b1ba52ef130b2", size = 165928, upload_time = "2024-12-04T14:45:20.162Z" },
    { url = "https://files.pythonhosted.org/packages/82/10/bd8f39423b0cb9624ccaf08d5e9c04f72dd46e9e9fc82e95cec42a42428d/hiredis-3.1.0-cp313-cp313-musllinux_1_2_x86_64.whl", hash = "sha256:8a45ff7915392a55d9386bb235ea1d1eb9960615f301979f02143fc20036b699", size = 163902, upload_time = "2024-12-04T14:45:21.228Z" },
    { url = "https://files.pythonhosted.org/packages/0b/77/00b420ad567875e5a4b37a16f1a89fef1a22c6a9e1a12195c77bb5b101dd/hiredis-3.1.0-cp313-cp313-win32.whl", hash = "sha256:539e5bb725b62b76a5319a4e68fc7085f01349abc2316ef3df608ea0883c51d2", size = 20211, upload_time = "2024-12-04T14:45:22.216Z" },
    { url = "https://files.pythonhosted.org/packages/cc/04/eaa88433249ddfc282018d3da4198d0b0018e48768e137bfad304aacb1ec/hiredis-3.1.0-cp313-cp313-win_amd64.whl", hash = "sha256:9020fd7e58f489fda6a928c31355add0e665fd6b87b21954e675cf9943eafa32", size = 22004, upload_time = "2024-12-04T14:45:23.123Z" },
]

[[package]]
name = "idna"
version = "3.10"
source = { registry = "https://pypi.org/simple" }
sdist = { url = "https://files.pythonhosted.org/packages/f1/70/7703c29685631f5a7590aa73f1f1d3fa9a380e654b86af429e0934a32f7d/idna-3.10.tar.gz", hash = "sha256:12f65c9b470abda6dc35cf8e63cc574b1c52b11df2c86030af0ac09b01b13ea9", size = 190490, upload_time = "2024-09-15T18:07:39.745Z" }
wheels = [
    { url = "https://files.pythonhosted.org/packages/76/c6/c88e154df9c4e1a2a66ccf0005a88dfb2650c1dffb6f5ce603dfbd452ce3/idna-3.10-py3-none-any.whl", hash = "sha256:946d195a0d259cbba61165e88e65941f16e9b36ea6ddb97f00452bae8b1287d3", size = 70442, upload_time = "2024-09-15T18:07:37.964Z" },
]

[[package]]
name = "jsonschema"
version = "4.23.0"
source = { registry = "https://pypi.org/simple" }
dependencies = [
    { name = "attrs" },
    { name = "jsonschema-specifications" },
    { name = "referencing" },
    { name = "rpds-py" },
]
sdist = { url = "https://files.pythonhosted.org/packages/38/2e/03362ee4034a4c917f697890ccd4aec0800ccf9ded7f511971c75451deec/jsonschema-4.23.0.tar.gz", hash = "sha256:d71497fef26351a33265337fa77ffeb82423f3ea21283cd9467bb03999266bc4", size = 325778, upload_time = "2024-07-08T18:40:05.546Z" }
wheels = [
    { url = "https://files.pythonhosted.org/packages/69/4a/4f9dbeb84e8850557c02365a0eee0649abe5eb1d84af92a25731c6c0f922/jsonschema-4.23.0-py3-none-any.whl", hash = "sha256:fbadb6f8b144a8f8cf9f0b89ba94501d143e50411a1278633f56a7acf7fd5566", size = 88462, upload_time = "2024-07-08T18:40:00.165Z" },
]

[[package]]
name = "jsonschema-specifications"
version = "2025.4.1"
source = { registry = "https://pypi.org/simple" }
dependencies = [
    { name = "referencing" },
]
sdist = { url = "https://files.pythonhosted.org/packages/bf/ce/46fbd9c8119cfc3581ee5643ea49464d168028cfb5caff5fc0596d0cf914/jsonschema_specifications-2025.4.1.tar.gz", hash = "sha256:630159c9f4dbea161a6a2205c3011cc4f18ff381b189fff48bb39b9bf26ae608", size = 15513, upload_time = "2025-04-23T12:34:07.418Z" }
wheels = [
    { url = "https://files.pythonhosted.org/packages/01/0e/b27cdbaccf30b890c40ed1da9fd4a3593a5cf94dae54fb34f8a4b74fcd3f/jsonschema_specifications-2025.4.1-py3-none-any.whl", hash = "sha256:4653bffbd6584f7de83a67e0d620ef16900b390ddc7939d56684d6c81e33f1af", size = 18437, upload_time = "2025-04-23T12:34:05.422Z" },
]

[[package]]
name = "pyhumps"
version = "3.8.0"
source = { registry = "https://pypi.org/simple" }
sdist = { url = "https://files.pythonhosted.org/packages/c4/83/fa6f8fb7accb21f39e8f2b6a18f76f6d90626bdb0a5e5448e5cc9b8ab014/pyhumps-3.8.0.tar.gz", hash = "sha256:498026258f7ee1a8e447c2e28526c0bea9407f9a59c03260aee4bd6c04d681a3", size = 9018, upload_time = "2022-10-21T10:38:59.496Z" }
wheels = [
    { url = "https://files.pythonhosted.org/packages/9e/11/a1938340ecb32d71e47ad4914843775011e6e9da59ba1229f181fef3119e/pyhumps-3.8.0-py3-none-any.whl", hash = "sha256:060e1954d9069f428232a1adda165db0b9d8dfdce1d265d36df7fbff540acfd6", size = 6095, upload_time = "2022-10-21T10:38:58.231Z" },
]

[[package]]
name = "redis"
version = "5.2.1"
source = { registry = "https://pypi.org/simple" }
sdist = { url = "https://files.pythonhosted.org/packages/47/da/d283a37303a995cd36f8b92db85135153dc4f7a8e4441aa827721b442cfb/redis-5.2.1.tar.gz", hash = "sha256:16f2e22dff21d5125e8481515e386711a34cbec50f0e44413dd7d9c060a54e0f", size = 4608355, upload_time = "2024-12-06T09:50:41.956Z" }
wheels = [
    { url = "https://files.pythonhosted.org/packages/3c/5f/fa26b9b2672cbe30e07d9a5bdf39cf16e3b80b42916757c5f92bca88e4ba/redis-5.2.1-py3-none-any.whl", hash = "sha256:ee7e1056b9aea0f04c6c2ed59452947f34c4940ee025f5dd83e6a6418b6989e4", size = 261502, upload_time = "2024-12-06T09:50:39.656Z" },
]

[package.optional-dependencies]
hiredis = [
    { name = "hiredis" },
]

[[package]]
name = "referencing"
version = "0.36.2"
source = { registry = "https://pypi.org/simple" }
dependencies = [
    { name = "attrs" },
    { name = "rpds-py" },
    { name = "typing-extensions", marker = "python_full_version < '3.13'" },
]
sdist = { url = "https://files.pythonhosted.org/packages/2f/db/98b5c277be99dd18bfd91dd04e1b759cad18d1a338188c936e92f921c7e2/referencing-0.36.2.tar.gz", hash = "sha256:df2e89862cd09deabbdba16944cc3f10feb6b3e6f18e902f7cc25609a34775aa", size = 74744, upload_time = "2025-01-25T08:48:16.138Z" }
wheels = [
    { url = "https://files.pythonhosted.org/packages/c1/b1/3baf80dc6d2b7bc27a95a67752d0208e410351e3feb4eb78de5f77454d8d/referencing-0.36.2-py3-none-any.whl", hash = "sha256:e8699adbbf8b5c7de96d8ffa0eb5c158b3beafce084968e2ea8bb08c6794dcd0", size = 26775, upload_time = "2025-01-25T08:48:14.241Z" },
]

[[package]]
name = "requests"
version = "2.32.3"
source = { registry = "https://pypi.org/simple" }
dependencies = [
    { name = "certifi" },
    { name = "charset-normalizer" },
    { name = "idna" },
    { name = "urllib3" },
]
sdist = { url = "https://files.pythonhosted.org/packages/63/70/2bf7780ad2d390a8d301ad0b550f1581eadbd9a20f896afe06353c2a2913/requests-2.32.3.tar.gz", hash = "sha256:55365417734eb18255590a9ff9eb97e9e1da868d4ccd6402399eaf68af20a760", size = 131218, upload_time = "2024-05-29T15:37:49.536Z" }
wheels = [
    { url = "https://files.pythonhosted.org/packages/f9/9b/335f9764261e915ed497fcdeb11df5dfd6f7bf257d4a6a2a686d80da4d54/requests-2.32.3-py3-none-any.whl", hash = "sha256:70761cfe03c773ceb22aa2f671b4757976145175cdfca038c02654d061d6dcc6", size = 64928, upload_time = "2024-05-29T15:37:47.027Z" },
]

[[package]]
name = "rpds-py"
version = "0.24.0"
source = { registry = "https://pypi.org/simple" }
sdist = { url = "https://files.pythonhosted.org/packages/0b/b3/52b213298a0ba7097c7ea96bee95e1947aa84cc816d48cebb539770cdf41/rpds_py-0.24.0.tar.gz", hash = "sha256:772cc1b2cd963e7e17e6cc55fe0371fb9c704d63e44cacec7b9b7f523b78919e", size = 26863, upload_time = "2025-03-26T14:56:01.518Z" }
wheels = [
    { url = "https://files.pythonhosted.org/packages/1a/e0/1c55f4a3be5f1ca1a4fd1f3ff1504a1478c1ed48d84de24574c4fa87e921/rpds_py-0.24.0-cp312-cp312-macosx_10_12_x86_64.whl", hash = "sha256:d8551e733626afec514b5d15befabea0dd70a343a9f23322860c4f16a9430205", size = 366945, upload_time = "2025-03-26T14:53:28.149Z" },
    { url = "https://files.pythonhosted.org/packages/39/1b/a3501574fbf29118164314dbc800d568b8c1c7b3258b505360e8abb3902c/rpds_py-0.24.0-cp312-cp312-macosx_11_0_arm64.whl", hash = "sha256:0e374c0ce0ca82e5b67cd61fb964077d40ec177dd2c4eda67dba130de09085c7", size = 351935, upload_time = "2025-03-26T14:53:29.684Z" },
    { url = "https://files.pythonhosted.org/packages/dc/47/77d3d71c55f6a374edde29f1aca0b2e547325ed00a9da820cabbc9497d2b/rpds_py-0.24.0-cp312-cp312-manylinux_2_17_aarch64.manylinux2014_aarch64.whl", hash = "sha256:d69d003296df4840bd445a5d15fa5b6ff6ac40496f956a221c4d1f6f7b4bc4d9", size = 390817, upload_time = "2025-03-26T14:53:31.177Z" },
    { url = "https://files.pythonhosted.org/packages/4e/ec/1e336ee27484379e19c7f9cc170f4217c608aee406d3ae3a2e45336bff36/rpds_py-0.24.0-cp312-cp312-manylinux_2_17_armv7l.manylinux2014_armv7l.whl", hash = "sha256:8212ff58ac6dfde49946bea57474a386cca3f7706fc72c25b772b9ca4af6b79e", size = 401983, upload_time = "2025-03-26T14:53:33.163Z" },
    { url = "https://files.pythonhosted.org/packages/07/f8/39b65cbc272c635eaea6d393c2ad1ccc81c39eca2db6723a0ca4b2108fce/rpds_py-0.24.0-cp312-cp312-manylinux_2_17_ppc64le.manylinux2014_ppc64le.whl", hash = "sha256:528927e63a70b4d5f3f5ccc1fa988a35456eb5d15f804d276709c33fc2f19bda", size = 451719, upload_time = "2025-03-26T14:53:34.721Z" },
    { url = "https://files.pythonhosted.org/packages/32/05/05c2b27dd9c30432f31738afed0300659cb9415db0ff7429b05dfb09bbde/rpds_py-0.24.0-cp312-cp312-manylinux_2_17_s390x.manylinux2014_s390x.whl", hash = "sha256:a824d2c7a703ba6daaca848f9c3d5cb93af0505be505de70e7e66829affd676e", size = 442546, upload_time = "2025-03-26T14:53:36.26Z" },
    { url = "https://files.pythonhosted.org/packages/7d/e0/19383c8b5d509bd741532a47821c3e96acf4543d0832beba41b4434bcc49/rpds_py-0.24.0-cp312-cp312-manylinux_2_17_x86_64.manylinux2014_x86_64.whl", hash = "sha256:44d51febb7a114293ffd56c6cf4736cb31cd68c0fddd6aa303ed09ea5a48e029", size = 393695, upload_time = "2025-03-26T14:53:37.728Z" },
    { url = "https://files.pythonhosted.org/packages/9d/15/39f14e96d94981d0275715ae8ea564772237f3fa89bc3c21e24de934f2c7/rpds_py-0.24.0-cp312-cp312-manylinux_2_5_i686.manylinux1_i686.whl", hash = "sha256:3fab5f4a2c64a8fb64fc13b3d139848817a64d467dd6ed60dcdd6b479e7febc9", size = 427218, upload_time = "2025-03-26T14:53:39.326Z" },
    { url = "https://files.pythonhosted.org/packages/22/b9/12da7124905a680f690da7a9de6f11de770b5e359f5649972f7181c8bf51/rpds_py-0.24.0-cp312-cp312-musllinux_1_2_aarch64.whl", hash = "sha256:9be4f99bee42ac107870c61dfdb294d912bf81c3c6d45538aad7aecab468b6b7", size = 568062, upload_time = "2025-03-26T14:53:40.885Z" },
    { url = "https://files.pythonhosted.org/packages/88/17/75229017a2143d915f6f803721a6d721eca24f2659c5718a538afa276b4f/rpds_py-0.24.0-cp312-cp312-musllinux_1_2_i686.whl", hash = "sha256:564c96b6076a98215af52f55efa90d8419cc2ef45d99e314fddefe816bc24f91", size = 596262, upload_time = "2025-03-26T14:53:42.544Z" },
    { url = "https://files.pythonhosted.org/packages/aa/64/8e8a1d8bd1b6b638d6acb6d41ab2cec7f2067a5b8b4c9175703875159a7c/rpds_py-0.24.0-cp312-cp312-musllinux_1_2_x86_64.whl", hash = "sha256:75a810b7664c17f24bf2ffd7f92416c00ec84b49bb68e6a0d93e542406336b56", size = 564306, upload_time = "2025-03-26T14:53:44.2Z" },
    { url = "https://files.pythonhosted.org/packages/68/1c/a7eac8d8ed8cb234a9b1064647824c387753343c3fab6ed7c83481ed0be7/rpds_py-0.24.0-cp312-cp312-win32.whl", hash = "sha256:f6016bd950be4dcd047b7475fdf55fb1e1f59fc7403f387be0e8123e4a576d30", size = 224281, upload_time = "2025-03-26T14:53:45.769Z" },
    { url = "https://files.pythonhosted.org/packages/bb/46/b8b5424d1d21f2f2f3f2d468660085318d4f74a8df8289e3dd6ad224d488/rpds_py-0.24.0-cp312-cp312-win_amd64.whl", hash = "sha256:998c01b8e71cf051c28f5d6f1187abbdf5cf45fc0efce5da6c06447cba997034", size = 239719, upload_time = "2025-03-26T14:53:47.187Z" },
    { url = "https://files.pythonhosted.org/packages/9d/c3/3607abc770395bc6d5a00cb66385a5479fb8cd7416ddef90393b17ef4340/rpds_py-0.24.0-cp313-cp313-macosx_10_12_x86_64.whl", hash = "sha256:3d2d8e4508e15fc05b31285c4b00ddf2e0eb94259c2dc896771966a163122a0c", size = 367072, upload_time = "2025-03-26T14:53:48.686Z" },
    { url = "https://files.pythonhosted.org/packages/d8/35/8c7ee0fe465793e3af3298dc5a9f3013bd63e7a69df04ccfded8293a4982/rpds_py-0.24.0-cp313-cp313-macosx_11_0_arm64.whl", hash = "sha256:0f00c16e089282ad68a3820fd0c831c35d3194b7cdc31d6e469511d9bffc535c", size = 351919, upload_time = "2025-03-26T14:53:50.229Z" },
    { url = "https://files.pythonhosted.org/packages/91/d3/7e1b972501eb5466b9aca46a9c31bcbbdc3ea5a076e9ab33f4438c1d069d/rpds_py-0.24.0-cp313-cp313-manylinux_2_17_aarch64.manylinux2014_aarch64.whl", hash = "sha256:951cc481c0c395c4a08639a469d53b7d4afa252529a085418b82a6b43c45c240", size = 390360, upload_time = "2025-03-26T14:53:51.909Z" },
    { url = "https://files.pythonhosted.org/packages/a2/a8/ccabb50d3c91c26ad01f9b09a6a3b03e4502ce51a33867c38446df9f896b/rpds_py-0.24.0-cp313-cp313-manylinux_2_17_armv7l.manylinux2014_armv7l.whl", hash = "sha256:c9ca89938dff18828a328af41ffdf3902405a19f4131c88e22e776a8e228c5a8", size = 400704, upload_time = "2025-03-26T14:53:53.47Z" },
    { url = "https://files.pythonhosted.org/packages/53/ae/5fa5bf0f3bc6ce21b5ea88fc0ecd3a439e7cb09dd5f9ffb3dbe1b6894fc5/rpds_py-0.24.0-cp313-cp313-manylinux_2_17_ppc64le.manylinux2014_ppc64le.whl", hash = "sha256:ed0ef550042a8dbcd657dfb284a8ee00f0ba269d3f2286b0493b15a5694f9fe8", size = 450839, upload_time = "2025-03-26T14:53:55.005Z" },
    { url = "https://files.pythonhosted.org/packages/e3/ac/c4e18b36d9938247e2b54f6a03746f3183ca20e1edd7d3654796867f5100/rpds_py-0.24.0-cp313-cp313-manylinux_2_17_s390x.manylinux2014_s390x.whl", hash = "sha256:2b2356688e5d958c4d5cb964af865bea84db29971d3e563fb78e46e20fe1848b", size = 441494, upload_time = "2025-03-26T14:53:57.047Z" },
    { url = "https://files.pythonhosted.org/packages/bf/08/b543969c12a8f44db6c0f08ced009abf8f519191ca6985509e7c44102e3c/rpds_py-0.24.0-cp313-cp313-manylinux_2_17_x86_64.manylinux2014_x86_64.whl", hash = "sha256:78884d155fd15d9f64f5d6124b486f3d3f7fd7cd71a78e9670a0f6f6ca06fb2d", size = 393185, upload_time = "2025-03-26T14:53:59.032Z" },
    { url = "https://files.pythonhosted.org/packages/da/7e/f6eb6a7042ce708f9dfc781832a86063cea8a125bbe451d663697b51944f/rpds_py-0.24.0-cp313-cp313-manylinux_2_5_i686.manylinux1_i686.whl", hash = "sha256:6a4a535013aeeef13c5532f802708cecae8d66c282babb5cd916379b72110cf7", size = 426168, upload_time = "2025-03-26T14:54:00.661Z" },
    { url = "https://files.pythonhosted.org/packages/38/b0/6cd2bb0509ac0b51af4bb138e145b7c4c902bb4b724d6fd143689d6e0383/rpds_py-0.24.0-cp313-cp313-musllinux_1_2_aarch64.whl", hash = "sha256:84e0566f15cf4d769dade9b366b7b87c959be472c92dffb70462dd0844d7cbad", size = 567622, upload_time = "2025-03-26T14:54:02.312Z" },
    { url = "https://files.pythonhosted.org/packages/64/b0/c401f4f077547d98e8b4c2ec6526a80e7cb04f519d416430ec1421ee9e0b/rpds_py-0.24.0-cp313-cp313-musllinux_1_2_i686.whl", hash = "sha256:823e74ab6fbaa028ec89615ff6acb409e90ff45580c45920d4dfdddb069f2120", size = 595435, upload_time = "2025-03-26T14:54:04.388Z" },
    { url = "https://files.pythonhosted.org/packages/9f/ec/7993b6e803294c87b61c85bd63e11142ccfb2373cf88a61ec602abcbf9d6/rpds_py-0.24.0-cp313-cp313-musllinux_1_2_x86_64.whl", hash = "sha256:c61a2cb0085c8783906b2f8b1f16a7e65777823c7f4d0a6aaffe26dc0d358dd9", size = 563762, upload_time = "2025-03-26T14:54:06.422Z" },
    { url = "https://files.pythonhosted.org/packages/1f/29/4508003204cb2f461dc2b83dd85f8aa2b915bc98fe6046b9d50d4aa05401/rpds_py-0.24.0-cp313-cp313-win32.whl", hash = "sha256:60d9b630c8025b9458a9d114e3af579a2c54bd32df601c4581bd054e85258143", size = 223510, upload_time = "2025-03-26T14:54:08.344Z" },
    { url = "https://files.pythonhosted.org/packages/f9/12/09e048d1814195e01f354155fb772fb0854bd3450b5f5a82224b3a319f0e/rpds_py-0.24.0-cp313-cp313-win_amd64.whl", hash = "sha256:6eea559077d29486c68218178ea946263b87f1c41ae7f996b1f30a983c476a5a", size = 239075, upload_time = "2025-03-26T14:54:09.992Z" },
    { url = "https://files.pythonhosted.org/packages/d2/03/5027cde39bb2408d61e4dd0cf81f815949bb629932a6c8df1701d0257fc4/rpds_py-0.24.0-cp313-cp313t-macosx_10_12_x86_64.whl", hash = "sha256:d09dc82af2d3c17e7dd17120b202a79b578d79f2b5424bda209d9966efeed114", size = 362974, upload_time = "2025-03-26T14:54:11.484Z" },
    { url = "https://files.pythonhosted.org/packages/bf/10/24d374a2131b1ffafb783e436e770e42dfdb74b69a2cd25eba8c8b29d861/rpds_py-0.24.0-cp313-cp313t-macosx_11_0_arm64.whl", hash = "sha256:5fc13b44de6419d1e7a7e592a4885b323fbc2f46e1f22151e3a8ed3b8b920405", size = 348730, upload_time = "2025-03-26T14:54:13.145Z" },
    { url = "https://files.pythonhosted.org/packages/7a/d1/1ef88d0516d46cd8df12e5916966dbf716d5ec79b265eda56ba1b173398c/rpds_py-0.24.0-cp313-cp313t-manylinux_2_17_aarch64.manylinux2014_aarch64.whl", hash = "sha256:c347a20d79cedc0a7bd51c4d4b7dbc613ca4e65a756b5c3e57ec84bd43505b47", size = 387627, upload_time = "2025-03-26T14:54:14.711Z" },
    { url = "https://files.pythonhosted.org/packages/4e/35/07339051b8b901ecefd449ebf8e5522e92bcb95e1078818cbfd9db8e573c/rpds_py-0.24.0-cp313-cp313t-manylinux_2_17_armv7l.manylinux2014_armv7l.whl", hash = "sha256:20f2712bd1cc26a3cc16c5a1bfee9ed1abc33d4cdf1aabd297fe0eb724df4272", size = 394094, upload_time = "2025-03-26T14:54:16.961Z" },
    { url = "https://files.pythonhosted.org/packages/dc/62/ee89ece19e0ba322b08734e95441952062391065c157bbd4f8802316b4f1/rpds_py-0.24.0-cp313-cp313t-manylinux_2_17_ppc64le.manylinux2014_ppc64le.whl", hash = "sha256:aad911555286884be1e427ef0dc0ba3929e6821cbeca2194b13dc415a462c7fd", size = 449639, upload_time = "2025-03-26T14:54:19.047Z" },
    { url = "https://files.pythonhosted.org/packages/15/24/b30e9f9e71baa0b9dada3a4ab43d567c6b04a36d1cb531045f7a8a0a7439/rpds_py-0.24.0-cp313-cp313t-manylinux_2_17_s390x.manylinux2014_s390x.whl", hash = "sha256:0aeb3329c1721c43c58cae274d7d2ca85c1690d89485d9c63a006cb79a85771a", size = 438584, upload_time = "2025-03-26T14:54:20.722Z" },
    { url = "https://files.pythonhosted.org/packages/28/d9/49f7b8f3b4147db13961e19d5e30077cd0854ccc08487026d2cb2142aa4a/rpds_py-0.24.0-cp313-cp313t-manylinux_2_17_x86_64.manylinux2014_x86_64.whl", hash = "sha256:2a0f156e9509cee987283abd2296ec816225145a13ed0391df8f71bf1d789e2d", size = 391047, upload_time = "2025-03-26T14:54:22.426Z" },
    { url = "https://files.pythonhosted.org/packages/49/b0/e66918d0972c33a259ba3cd7b7ff10ed8bd91dbcfcbec6367b21f026db75/rpds_py-0.24.0-cp313-cp313t-manylinux_2_5_i686.manylinux1_i686.whl", hash = "sha256:aa6800adc8204ce898c8a424303969b7aa6a5e4ad2789c13f8648739830323b7", size = 418085, upload_time = "2025-03-26T14:54:23.949Z" },
    { url = "https://files.pythonhosted.org/packages/e1/6b/99ed7ea0a94c7ae5520a21be77a82306aac9e4e715d4435076ead07d05c6/rpds_py-0.24.0-cp313-cp313t-musllinux_1_2_aarch64.whl", hash = "sha256:a18fc371e900a21d7392517c6f60fe859e802547309e94313cd8181ad9db004d", size = 564498, upload_time = "2025-03-26T14:54:25.573Z" },
    { url = "https://files.pythonhosted.org/packages/28/26/1cacfee6b800e6fb5f91acecc2e52f17dbf8b0796a7c984b4568b6d70e38/rpds_py-0.24.0-cp313-cp313t-musllinux_1_2_i686.whl", hash = "sha256:9168764133fd919f8dcca2ead66de0105f4ef5659cbb4fa044f7014bed9a1797", size = 590202, upload_time = "2025-03-26T14:54:27.569Z" },
    { url = "https://files.pythonhosted.org/packages/a9/9e/57bd2f9fba04a37cef673f9a66b11ca8c43ccdd50d386c455cd4380fe461/rpds_py-0.24.0-cp313-cp313t-musllinux_1_2_x86_64.whl", hash = "sha256:5f6e3cec44ba05ee5cbdebe92d052f69b63ae792e7d05f1020ac5e964394080c", size = 561771, upload_time = "2025-03-26T14:54:29.615Z" },
    { url = "https://files.pythonhosted.org/packages/9f/cf/b719120f375ab970d1c297dbf8de1e3c9edd26fe92c0ed7178dd94b45992/rpds_py-0.24.0-cp313-cp313t-win32.whl", hash = "sha256:8ebc7e65ca4b111d928b669713865f021b7773350eeac4a31d3e70144297baba", size = 221195, upload_time = "2025-03-26T14:54:31.581Z" },
    { url = "https://files.pythonhosted.org/packages/2d/e5/22865285789f3412ad0c3d7ec4dc0a3e86483b794be8a5d9ed5a19390900/rpds_py-0.24.0-cp313-cp313t-win_amd64.whl", hash = "sha256:675269d407a257b8c00a6b58205b72eec8231656506c56fd429d924ca00bb350", size = 237354, upload_time = "2025-03-26T14:54:33.199Z" },
]

[[package]]
name = "ruff"
version = "0.11.6"
source = { registry = "https://pypi.org/simple" }
sdist = { url = "https://files.pythonhosted.org/packages/d9/11/bcef6784c7e5d200b8a1f5c2ddf53e5da0efec37e6e5a44d163fb97e04ba/ruff-0.11.6.tar.gz", hash = "sha256:bec8bcc3ac228a45ccc811e45f7eb61b950dbf4cf31a67fa89352574b01c7d79", size = 4010053, upload_time = "2025-04-17T13:35:53.905Z" }
wheels = [
    { url = "https://files.pythonhosted.org/packages/6e/1f/8848b625100ebcc8740c8bac5b5dd8ba97dd4ee210970e98832092c1635b/ruff-0.11.6-py3-none-linux_armv6l.whl", hash = "sha256:d84dcbe74cf9356d1bdb4a78cf74fd47c740bf7bdeb7529068f69b08272239a1", size = 10248105, upload_time = "2025-04-17T13:35:14.758Z" },
    { url = "https://files.pythonhosted.org/packages/e0/47/c44036e70c6cc11e6ee24399c2a1e1f1e99be5152bd7dff0190e4b325b76/ruff-0.11.6-py3-none-macosx_10_12_x86_64.whl", hash = "sha256:9bc583628e1096148011a5d51ff3c836f51899e61112e03e5f2b1573a9b726de", size = 11001494, upload_time = "2025-04-17T13:35:18.444Z" },
    { url = "https://files.pythonhosted.org/packages/ed/5b/170444061650202d84d316e8f112de02d092bff71fafe060d3542f5bc5df/ruff-0.11.6-py3-none-macosx_11_0_arm64.whl", hash = "sha256:f2959049faeb5ba5e3b378709e9d1bf0cab06528b306b9dd6ebd2a312127964a", size = 10352151, upload_time = "2025-04-17T13:35:20.563Z" },
    { url = "https://files.pythonhosted.org/packages/ff/91/f02839fb3787c678e112c8865f2c3e87cfe1744dcc96ff9fc56cfb97dda2/ruff-0.11.6-py3-none-manylinux_2_17_aarch64.manylinux2014_aarch64.whl", hash = "sha256:63c5d4e30d9d0de7fedbfb3e9e20d134b73a30c1e74b596f40f0629d5c28a193", size = 10541951, upload_time = "2025-04-17T13:35:22.522Z" },
    { url = "https://files.pythonhosted.org/packages/9e/f3/c09933306096ff7a08abede3cc2534d6fcf5529ccd26504c16bf363989b5/ruff-0.11.6-py3-none-manylinux_2_17_armv7l.manylinux2014_armv7l.whl", hash = "sha256:26a4b9a4e1439f7d0a091c6763a100cef8fbdc10d68593df6f3cfa5abdd9246e", size = 10079195, upload_time = "2025-04-17T13:35:24.485Z" },
    { url = "https://files.pythonhosted.org/packages/e0/0d/a87f8933fccbc0d8c653cfbf44bedda69c9582ba09210a309c066794e2ee/ruff-0.11.6-py3-none-manylinux_2_17_i686.manylinux2014_i686.whl", hash = "sha256:b5edf270223dd622218256569636dc3e708c2cb989242262fe378609eccf1308", size = 11698918, upload_time = "2025-04-17T13:35:26.504Z" },
    { url = "https://files.pythonhosted.org/packages/52/7d/8eac0bd083ea8a0b55b7e4628428203441ca68cd55e0b67c135a4bc6e309/ruff-0.11.6-py3-none-manylinux_2_17_ppc64.manylinux2014_ppc64.whl", hash = "sha256:f55844e818206a9dd31ff27f91385afb538067e2dc0beb05f82c293ab84f7d55", size = 12319426, upload_time = "2025-04-17T13:35:28.452Z" },
    { url = "https://files.pythonhosted.org/packages/c2/dc/d0c17d875662d0c86fadcf4ca014ab2001f867621b793d5d7eef01b9dcce/ruff-0.11.6-py3-none-manylinux_2_17_ppc64le.manylinux2014_ppc64le.whl", hash = "sha256:1d8f782286c5ff562e4e00344f954b9320026d8e3fae2ba9e6948443fafd9ffc", size = 11791012, upload_time = "2025-04-17T13:35:30.455Z" },
    { url = "https://files.pythonhosted.org/packages/f9/f3/81a1aea17f1065449a72509fc7ccc3659cf93148b136ff2a8291c4bc3ef1/ruff-0.11.6-py3-none-manylinux_2_17_s390x.manylinux2014_s390x.whl", hash = "sha256:01c63ba219514271cee955cd0adc26a4083df1956d57847978383b0e50ffd7d2", size = 13949947, upload_time = "2025-04-17T13:35:33.133Z" },
    { url = "https://files.pythonhosted.org/packages/61/9f/a3e34de425a668284e7024ee6fd41f452f6fa9d817f1f3495b46e5e3a407/ruff-0.11.6-py3-none-manylinux_2_17_x86_64.manylinux2014_x86_64.whl", hash = "sha256:15adac20ef2ca296dd3d8e2bedc6202ea6de81c091a74661c3666e5c4c223ff6", size = 11471753, upload_time = "2025-04-17T13:35:35.416Z" },
    { url = "https://files.pythonhosted.org/packages/df/c5/4a57a86d12542c0f6e2744f262257b2aa5a3783098ec14e40f3e4b3a354a/ruff-0.11.6-py3-none-musllinux_1_2_aarch64.whl", hash = "sha256:4dd6b09e98144ad7aec026f5588e493c65057d1b387dd937d7787baa531d9bc2", size = 10417121, upload_time = "2025-04-17T13:35:38.224Z" },
    { url = "https://files.pythonhosted.org/packages/58/3f/a3b4346dff07ef5b862e2ba06d98fcbf71f66f04cf01d375e871382b5e4b/ruff-0.11.6-py3-none-musllinux_1_2_armv7l.whl", hash = "sha256:45b2e1d6c0eed89c248d024ea95074d0e09988d8e7b1dad8d3ab9a67017a5b03", size = 10073829, upload_time = "2025-04-17T13:35:40.255Z" },
    { url = "https://files.pythonhosted.org/packages/93/cc/7ed02e0b86a649216b845b3ac66ed55d8aa86f5898c5f1691797f408fcb9/ruff-0.11.6-py3-none-musllinux_1_2_i686.whl", hash = "sha256:bd40de4115b2ec4850302f1a1d8067f42e70b4990b68838ccb9ccd9f110c5e8b", size = 11076108, upload_time = "2025-04-17T13:35:42.559Z" },
    { url = "https://files.pythonhosted.org/packages/39/5e/5b09840fef0eff1a6fa1dea6296c07d09c17cb6fb94ed5593aa591b50460/ruff-0.11.6-py3-none-musllinux_1_2_x86_64.whl", hash = "sha256:77cda2dfbac1ab73aef5e514c4cbfc4ec1fbef4b84a44c736cc26f61b3814cd9", size = 11512366, upload_time = "2025-04-17T13:35:45.702Z" },
    { url = "https://files.pythonhosted.org/packages/6f/4c/1cd5a84a412d3626335ae69f5f9de2bb554eea0faf46deb1f0cb48534042/ruff-0.11.6-py3-none-win32.whl", hash = "sha256:5151a871554be3036cd6e51d0ec6eef56334d74dfe1702de717a995ee3d5b287", size = 10485900, upload_time = "2025-04-17T13:35:47.695Z" },
    { url = "https://files.pythonhosted.org/packages/42/46/8997872bc44d43df986491c18d4418f1caff03bc47b7f381261d62c23442/ruff-0.11.6-py3-none-win_amd64.whl", hash = "sha256:cce85721d09c51f3b782c331b0abd07e9d7d5f775840379c640606d3159cae0e", size = 11558592, upload_time = "2025-04-17T13:35:49.837Z" },
    { url = "https://files.pythonhosted.org/packages/d7/6a/65fecd51a9ca19e1477c3879a7fda24f8904174d1275b419422ac00f6eee/ruff-0.11.6-py3-none-win_arm64.whl", hash = "sha256:3567ba0d07fb170b1b48d944715e3294b77f5b7679e8ba258199a250383ccb79", size = 10682766, upload_time = "2025-04-17T13:35:52.014Z" },
]

[[package]]
name = "typing-extensions"
version = "4.13.2"
source = { registry = "https://pypi.org/simple" }
sdist = { url = "https://files.pythonhosted.org/packages/f6/37/23083fcd6e35492953e8d2aaaa68b860eb422b34627b13f2ce3eb6106061/typing_extensions-4.13.2.tar.gz", hash = "sha256:e6c81219bd689f51865d9e372991c540bda33a0379d5573cddb9a3a23f7caaef", size = 106967, upload_time = "2025-04-10T14:19:05.416Z" }
wheels = [
    { url = "https://files.pythonhosted.org/packages/8b/54/b1ae86c0973cc6f0210b53d508ca3641fb6d0c56823f288d108bc7ab3cc8/typing_extensions-4.13.2-py3-none-any.whl", hash = "sha256:a439e7c04b49fec3e5d3e2beaa21755cadbbdc391694e28ccdd36ca4a1408f8c", size = 45806, upload_time = "2025-04-10T14:19:03.967Z" },
]

[[package]]
name = "urllib3"
version = "2.4.0"
source = { registry = "https://pypi.org/simple" }
sdist = { url = "https://files.pythonhosted.org/packages/8a/78/16493d9c386d8e60e442a35feac5e00f0913c0f4b7c217c11e8ec2ff53e0/urllib3-2.4.0.tar.gz", hash = "sha256:414bc6535b787febd7567804cc015fee39daab8ad86268f1310a9250697de466", size = 390672, upload_time = "2025-04-10T15:23:39.232Z" }
wheels = [
    { url = "https://files.pythonhosted.org/packages/6b/11/cc635220681e93a0183390e26485430ca2c7b5f9d33b15c74c2861cb8091/urllib3-2.4.0-py3-none-any.whl", hash = "sha256:4e16665048960a0900c702d4a66415956a584919c03361cac9f1df5c5dd7e813", size = 128680, upload_time = "2025-04-10T15:23:37.377Z" },
]
